
Microsoft Visual Studio Solution File, Format Version 12.00
# Visual Studio 15
VisualStudioVersion = 15.0.28307.421
MinimumVisualStudioVersion = 10.0.40219.1
Project("{9A19103F-16F7-4668-BE54-9A1E7A4F7556}") = "DapperSample", "DapperSample.csproj", "{D4809E12-EE52-4B7F-B437-8C5AB60031FC}"
EndProject
Global
	GlobalSection(SolutionConfigurationPlatforms) = preSolution
		Debug|Any CPU = Debug|Any CPU
		Release|Any CPU = Release|Any CPU
	EndGlobalSection
	GlobalSection(ProjectConfigurationPlatforms) = postSolution
		{D4809E12-EE52-4B7F-B437-8C5AB60031FC}.Debug|Any CPU.ActiveCfg = Debug|Any CPU
		{D4809E12-EE52-4B7F-B437-8C5AB60031FC}.Debug|Any CPU.Build.0 = Debug|Any CPU
		{D4809E12-EE52-4B7F-B437-8C5AB60031FC}.Release|Any CPU.ActiveCfg = Release|Any CPU
		{D4809E12-EE52-4B7F-B437-8C5AB60031FC}.Release|Any CPU.Build.0 = Release|Any CPU
	EndGlobalSection
	GlobalSection(SolutionProperties) = preSolution
		HideSolutionNode = FALSE
	EndGlobalSection
	GlobalSection(ExtensibilityGlobals) = postSolution
		SolutionGuid = {DAAC8DD7-B882-49FB-8A85-0150D1B69146}
	EndGlobalSection
EndGlobal
